
Microsoft Visual Studio Solution File, Format Version 11.00
# Visual Studio 2010
Project("{FAE04EC0-301F-11D3-BF4B-00C04F79EFBC}") = "NextProject", "NextProject\NextProject.csproj", "{EAB5D4EF-F5EB-4312-BEA3-FEF9C27FDBD0}"
EndProject
Project("{FAE04EC0-301F-11D3-BF4B-00C04F79EFBC}") = "Datos", "Datos\Datos.csproj", "{261C777B-EAFE-47BA-8EA6-98E987437D84}"
EndProject
Project("{FAE04EC0-301F-11D3-BF4B-00C04F79EFBC}") = "Negocio", "Negocio\Negocio.csproj", "{9B26A87F-77A8-4F95-A4C5-50C16B50551E}"
EndProject
Global
	GlobalSection(SolutionConfigurationPlatforms) = preSolution
		Debug|Any CPU = Debug|Any CPU
		Release|Any CPU = Release|Any CPU
	EndGlobalSection
	GlobalSection(ProjectConfigurationPlatforms) = postSolution
		{EAB5D4EF-F5EB-4312-BEA3-FEF9C27FDBD0}.Debug|Any CPU.ActiveCfg = Debug|Any CPU
		{EAB5D4EF-F5EB-4312-BEA3-FEF9C27FDBD0}.Debug|Any CPU.Build.0 = Debug|Any CPU
		{EAB5D4EF-F5EB-4312-BEA3-FEF9C27FDBD0}.Release|Any CPU.ActiveCfg = Release|Any CPU
		{EAB5D4EF-F5EB-4312-BEA3-FEF9C27FDBD0}.Release|Any CPU.Build.0 = Release|Any CPU
		{261C777B-EAFE-47BA-8EA6-98E987437D84}.Debug|Any CPU.ActiveCfg = Debug|Any CPU
		{261C777B-EAFE-47BA-8EA6-98E987437D84}.Debug|Any CPU.Build.0 = Debug|Any CPU
		{261C777B-EAFE-47BA-8EA6-98E987437D84}.Release|Any CPU.ActiveCfg = Release|Any CPU
		{261C777B-EAFE-47BA-8EA6-98E987437D84}.Release|Any CPU.Build.0 = Release|Any CPU
		{9B26A87F-77A8-4F95-A4C5-50C16B50551E}.Debug|Any CPU.ActiveCfg = Debug|Any CPU
		{9B26A87F-77A8-4F95-A4C5-50C16B50551E}.Debug|Any CPU.Build.0 = Debug|Any CPU
		{9B26A87F-77A8-4F95-A4C5-50C16B50551E}.Release|Any CPU.ActiveCfg = Release|Any CPU
		{9B26A87F-77A8-4F95-A4C5-50C16B50551E}.Release|Any CPU.Build.0 = Release|Any CPU
	EndGlobalSection
	GlobalSection(SolutionProperties) = preSolution
		HideSolutionNode = FALSE
	EndGlobalSection
EndGlobal
